
Microsoft Visual Studio Solution File, Format Version 12.00
# Visual Studio Version 17
VisualStudioVersion = 17.0.32112.339
MinimumVisualStudioVersion = 10.0.40219.1
Project("{2150E333-8FDC-42A3-9474-1A3956D46DE8}") = "Enterprise Business Rules", "Enterprise Business Rules", "{3F0214CF-A03A-466D-B08B-171CD9503321}"
EndProject
Project("{2150E333-8FDC-42A3-9474-1A3956D46DE8}") = "Appication Business Rules", "Appication Business Rules", "{3F255769-5ACC-4F3C-8364-415A71E586B2}"
EndProject
Project("{2150E333-8FDC-42A3-9474-1A3956D46DE8}") = "Interface Adapters", "Interface Adapters", "{3133E309-E2AD-4986-9366-FA4BAEDEDFCC}"
EndProject
Project("{2150E333-8FDC-42A3-9474-1A3956D46DE8}") = "Frameworks and Drivers", "Frameworks and Drivers", "{D8C81064-79E5-46A3-8480-0269F08BC718}"
EndProject
Project("{9A19103F-16F7-4668-BE54-9A1E7A4F7556}") = "Entities", "Entities\Entities.csproj", "{4656B23E-D400-4787-8F18-8A73C1AE727C}"
EndProject
Project("{2150E333-8FDC-42A3-9474-1A3956D46DE8}") = "Gateways", "Gateways", "{E50C0BEE-50D9-45EA-8E65-4FF143B2F78F}"
EndProject
Project("{2150E333-8FDC-42A3-9474-1A3956D46DE8}") = "Repositories", "Repositories", "{B3E84BA8-9DF5-4A63-8446-0A39A605495A}"
EndProject
Project("{9A19103F-16F7-4668-BE54-9A1E7A4F7556}") = "EFCore.Repository", "EFCore.Repository\EFCore.Repository.csproj", "{6817865D-8021-4772-954B-7ED92B0DC7FE}"
EndProject
Project("{9A19103F-16F7-4668-BE54-9A1E7A4F7556}") = "Services", "Services\Services.csproj", "{C754C55F-DE25-412B-B835-6F41BB150CF5}"
EndProject
Project("{9A19103F-16F7-4668-BE54-9A1E7A4F7556}") = "ExceptionHandler", "ExceptionHandler\ExceptionHandler.csproj", "{3B0D316C-7AE9-4201-9C22-43054587871A}"
EndProject
Project("{9A19103F-16F7-4668-BE54-9A1E7A4F7556}") = "DTOs", "DTOs\DTOs.csproj", "{99BA270D-AC6F-4718-84B7-E0BDFA3D8534}"
EndProject
Project("{9A19103F-16F7-4668-BE54-9A1E7A4F7556}") = "UseCases", "UseCases\UseCases.csproj", "{8280DC29-7BBF-41CA-8B5C-937C4DD4E088}"
EndProject
Project("{9A19103F-16F7-4668-BE54-9A1E7A4F7556}") = "Controllers", "ChallengeControllers\Controllers.csproj", "{80455700-8DA7-455B-869A-67CD4F73B247}"
EndProject
Project("{9A19103F-16F7-4668-BE54-9A1E7A4F7556}") = "ChallengeNubimetricsWeb", "ChallengeNubimetricsWeb\ChallengeNubimetricsWeb.csproj", "{5EF3FD95-A7F0-426E-9523-EEEDA38D9ADD}"
EndProject
Project("{9A19103F-16F7-4668-BE54-9A1E7A4F7556}") = "ViewModels", "ViewModels\ViewModels.csproj", "{B4517D2A-33E1-4299-BA5A-62CF0448DE66}"
EndProject
Project("{9A19103F-16F7-4668-BE54-9A1E7A4F7556}") = "Presenters", "Presenter\Presenters.csproj", "{6E3A8F19-6655-4174-B533-BF496B74072B}"
EndProject
Project("{9A19103F-16F7-4668-BE54-9A1E7A4F7556}") = "Challenge.IoC", "Repository.IoC\Challenge.IoC.csproj", "{0BC46D7F-2FE1-4DC6-AD2B-09E7F7392573}"
EndProject
Project("{9A19103F-16F7-4668-BE54-9A1E7A4F7556}") = "Meli.RemoteRepository", "Meli.RemoteRepository\Meli.RemoteRepository.csproj", "{D8DE8EE8-42FC-4B11-A785-6E8832DCDCAD}"
EndProject
Project("{9A19103F-16F7-4668-BE54-9A1E7A4F7556}") = "FileRepository", "FileRepository\FileRepository.csproj", "{38B70B6E-948F-4013-B3B8-B7AC975D3919}"
EndProject
Global
	GlobalSection(SolutionConfigurationPlatforms) = preSolution
		Debug|Any CPU = Debug|Any CPU
		Release|Any CPU = Release|Any CPU
	EndGlobalSection
	GlobalSection(ProjectConfigurationPlatforms) = postSolution
		{4656B23E-D400-4787-8F18-8A73C1AE727C}.Debug|Any CPU.ActiveCfg = Debug|Any CPU
		{4656B23E-D400-4787-8F18-8A73C1AE727C}.Debug|Any CPU.Build.0 = Debug|Any CPU
		{4656B23E-D400-4787-8F18-8A73C1AE727C}.Release|Any CPU.ActiveCfg = Release|Any CPU
		{4656B23E-D400-4787-8F18-8A73C1AE727C}.Release|Any CPU.Build.0 = Release|Any CPU
		{6817865D-8021-4772-954B-7ED92B0DC7FE}.Debug|Any CPU.ActiveCfg = Debug|Any CPU
		{6817865D-8021-4772-954B-7ED92B0DC7FE}.Debug|Any CPU.Build.0 = Debug|Any CPU
		{6817865D-8021-4772-954B-7ED92B0DC7FE}.Release|Any CPU.ActiveCfg = Release|Any CPU
		{6817865D-8021-4772-954B-7ED92B0DC7FE}.Release|Any CPU.Build.0 = Release|Any CPU
		{C754C55F-DE25-412B-B835-6F41BB150CF5}.Debug|Any CPU.ActiveCfg = Debug|Any CPU
		{C754C55F-DE25-412B-B835-6F41BB150CF5}.Debug|Any CPU.Build.0 = Debug|Any CPU
		{C754C55F-DE25-412B-B835-6F41BB150CF5}.Release|Any CPU.ActiveCfg = Release|Any CPU
		{C754C55F-DE25-412B-B835-6F41BB150CF5}.Release|Any CPU.Build.0 = Release|Any CPU
		{3B0D316C-7AE9-4201-9C22-43054587871A}.Debug|Any CPU.ActiveCfg = Debug|Any CPU
		{3B0D316C-7AE9-4201-9C22-43054587871A}.Debug|Any CPU.Build.0 = Debug|Any CPU
		{3B0D316C-7AE9-4201-9C22-43054587871A}.Release|Any CPU.ActiveCfg = Release|Any CPU
		{3B0D316C-7AE9-4201-9C22-43054587871A}.Release|Any CPU.Build.0 = Release|Any CPU
		{99BA270D-AC6F-4718-84B7-E0BDFA3D8534}.Debug|Any CPU.ActiveCfg = Debug|Any CPU
		{99BA270D-AC6F-4718-84B7-E0BDFA3D8534}.Debug|Any CPU.Build.0 = Debug|Any CPU
		{99BA270D-AC6F-4718-84B7-E0BDFA3D8534}.Release|Any CPU.ActiveCfg = Release|Any CPU
		{99BA270D-AC6F-4718-84B7-E0BDFA3D8534}.Release|Any CPU.Build.0 = Release|Any CPU
		{8280DC29-7BBF-41CA-8B5C-937C4DD4E088}.Debug|Any CPU.ActiveCfg = Debug|Any CPU
		{8280DC29-7BBF-41CA-8B5C-937C4DD4E088}.Debug|Any CPU.Build.0 = Debug|Any CPU
		{8280DC29-7BBF-41CA-8B5C-937C4DD4E088}.Release|Any CPU.ActiveCfg = Release|Any CPU
		{8280DC29-7BBF-41CA-8B5C-937C4DD4E088}.Release|Any CPU.Build.0 = Release|Any CPU
		{80455700-8DA7-455B-869A-67CD4F73B247}.Debug|Any CPU.ActiveCfg = Debug|Any CPU
		{80455700-8DA7-455B-869A-67CD4F73B247}.Debug|Any CPU.Build.0 = Debug|Any CPU
		{80455700-8DA7-455B-869A-67CD4F73B247}.Release|Any CPU.ActiveCfg = Release|Any CPU
		{80455700-8DA7-455B-869A-67CD4F73B247}.Release|Any CPU.Build.0 = Release|Any CPU
		{5EF3FD95-A7F0-426E-9523-EEEDA38D9ADD}.Debug|Any CPU.ActiveCfg = Debug|Any CPU
		{5EF3FD95-A7F0-426E-9523-EEEDA38D9ADD}.Debug|Any CPU.Build.0 = Debug|Any CPU
		{5EF3FD95-A7F0-426E-9523-EEEDA38D9ADD}.Release|Any CPU.ActiveCfg = Release|Any CPU
		{5EF3FD95-A7F0-426E-9523-EEEDA38D9ADD}.Release|Any CPU.Build.0 = Release|Any CPU
		{B4517D2A-33E1-4299-BA5A-62CF0448DE66}.Debug|Any CPU.ActiveCfg = Debug|Any CPU
		{B4517D2A-33E1-4299-BA5A-62CF0448DE66}.Debug|Any CPU.Build.0 = Debug|Any CPU
		{B4517D2A-33E1-4299-BA5A-62CF0448DE66}.Release|Any CPU.ActiveCfg = Release|Any CPU
		{B4517D2A-33E1-4299-BA5A-62CF0448DE66}.Release|Any CPU.Build.0 = Release|Any CPU
		{6E3A8F19-6655-4174-B533-BF496B74072B}.Debug|Any CPU.ActiveCfg = Debug|Any CPU
		{6E3A8F19-6655-4174-B533-BF496B74072B}.Debug|Any CPU.Build.0 = Debug|Any CPU
		{6E3A8F19-6655-4174-B533-BF496B74072B}.Release|Any CPU.ActiveCfg = Release|Any CPU
		{6E3A8F19-6655-4174-B533-BF496B74072B}.Release|Any CPU.Build.0 = Release|Any CPU
		{0BC46D7F-2FE1-4DC6-AD2B-09E7F7392573}.Debug|Any CPU.ActiveCfg = Debug|Any CPU
		{0BC46D7F-2FE1-4DC6-AD2B-09E7F7392573}.Debug|Any CPU.Build.0 = Debug|Any CPU
		{0BC46D7F-2FE1-4DC6-AD2B-09E7F7392573}.Release|Any CPU.ActiveCfg = Release|Any CPU
		{0BC46D7F-2FE1-4DC6-AD2B-09E7F7392573}.Release|Any CPU.Build.0 = Release|Any CPU
		{D8DE8EE8-42FC-4B11-A785-6E8832DCDCAD}.Debug|Any CPU.ActiveCfg = Debug|Any CPU
		{D8DE8EE8-42FC-4B11-A785-6E8832DCDCAD}.Debug|Any CPU.Build.0 = Debug|Any CPU
		{D8DE8EE8-42FC-4B11-A785-6E8832DCDCAD}.Release|Any CPU.ActiveCfg = Release|Any CPU
		{D8DE8EE8-42FC-4B11-A785-6E8832DCDCAD}.Release|Any CPU.Build.0 = Release|Any CPU
		{38B70B6E-948F-4013-B3B8-B7AC975D3919}.Debug|Any CPU.ActiveCfg = Debug|Any CPU
		{38B70B6E-948F-4013-B3B8-B7AC975D3919}.Debug|Any CPU.Build.0 = Debug|Any CPU
		{38B70B6E-948F-4013-B3B8-B7AC975D3919}.Release|Any CPU.ActiveCfg = Release|Any CPU
		{38B70B6E-948F-4013-B3B8-B7AC975D3919}.Release|Any CPU.Build.0 = Release|Any CPU
	EndGlobalSection
	GlobalSection(SolutionProperties) = preSolution
		HideSolutionNode = FALSE
	EndGlobalSection
	GlobalSection(NestedProjects) = preSolution
		{4656B23E-D400-4787-8F18-8A73C1AE727C} = {3F0214CF-A03A-466D-B08B-171CD9503321}
		{E50C0BEE-50D9-45EA-8E65-4FF143B2F78F} = {3133E309-E2AD-4986-9366-FA4BAEDEDFCC}
		{B3E84BA8-9DF5-4A63-8446-0A39A605495A} = {E50C0BEE-50D9-45EA-8E65-4FF143B2F78F}
		{6817865D-8021-4772-954B-7ED92B0DC7FE} = {B3E84BA8-9DF5-4A63-8446-0A39A605495A}
		{C754C55F-DE25-412B-B835-6F41BB150CF5} = {3F0214CF-A03A-466D-B08B-171CD9503321}
		{3B0D316C-7AE9-4201-9C22-43054587871A} = {3F0214CF-A03A-466D-B08B-171CD9503321}
		{99BA270D-AC6F-4718-84B7-E0BDFA3D8534} = {3F255769-5ACC-4F3C-8364-415A71E586B2}
		{8280DC29-7BBF-41CA-8B5C-937C4DD4E088} = {3F255769-5ACC-4F3C-8364-415A71E586B2}
		{80455700-8DA7-455B-869A-67CD4F73B247} = {3133E309-E2AD-4986-9366-FA4BAEDEDFCC}
		{5EF3FD95-A7F0-426E-9523-EEEDA38D9ADD} = {D8C81064-79E5-46A3-8480-0269F08BC718}
		{B4517D2A-33E1-4299-BA5A-62CF0448DE66} = {3133E309-E2AD-4986-9366-FA4BAEDEDFCC}
		{6E3A8F19-6655-4174-B533-BF496B74072B} = {3133E309-E2AD-4986-9366-FA4BAEDEDFCC}
		{0BC46D7F-2FE1-4DC6-AD2B-09E7F7392573} = {3133E309-E2AD-4986-9366-FA4BAEDEDFCC}
		{D8DE8EE8-42FC-4B11-A785-6E8832DCDCAD} = {B3E84BA8-9DF5-4A63-8446-0A39A605495A}
		{38B70B6E-948F-4013-B3B8-B7AC975D3919} = {B3E84BA8-9DF5-4A63-8446-0A39A605495A}
	EndGlobalSection
	GlobalSection(ExtensibilityGlobals) = postSolution
		SolutionGuid = {685DE137-A14D-4750-9FEC-3685624480DC}
	EndGlobalSection
EndGlobal
